
Microsoft Visual Studio Solution File, Format Version 12.00
# Visual Studio 15
VisualStudioVersion = 15.0.27130.2010
MinimumVisualStudioVersion = 10.0.40219.1
Project("{FAE04EC0-301F-11D3-BF4B-00C04F79EFBC}") = "intermediate", "intermediate\intermediate.csproj", "{7FDDA05C-005F-4638-93FC-31E73528B2E2}"
EndProject
Global
	GlobalSection(SolutionConfigurationPlatforms) = preSolution
		Debug|Any CPU = Debug|Any CPU
		Release|Any CPU = Release|Any CPU
	EndGlobalSection
	GlobalSection(ProjectConfigurationPlatforms) = postSolution
		{7FDDA05C-005F-4638-93FC-31E73528B2E2}.Debug|Any CPU.ActiveCfg = Debug|Any CPU
		{7FDDA05C-005F-4638-93FC-31E73528B2E2}.Debug|Any CPU.Build.0 = Debug|Any CPU
		{7FDDA05C-005F-4638-93FC-31E73528B2E2}.Release|Any CPU.ActiveCfg = Release|Any CPU
		{7FDDA05C-005F-4638-93FC-31E73528B2E2}.Release|Any CPU.Build.0 = Release|Any CPU
	EndGlobalSection
	GlobalSection(SolutionProperties) = preSolution
		HideSolutionNode = FALSE
	EndGlobalSection
	GlobalSection(ExtensibilityGlobals) = postSolution
		SolutionGuid = {E21A2CDF-3943-43D2-A67F-B6DE74A1B5CD}
	EndGlobalSection
EndGlobal
